
Microsoft Visual Studio Solution File, Format Version 12.00
# Visual Studio 15
VisualStudioVersion = 15.0.26730.15
MinimumVisualStudioVersion = 10.0.40219.1
Project("{FAE04EC0-301F-11D3-BF4B-00C04F79EFBC}") = "XSpecsFor", "XSpecsFor\XSpecsFor.csproj", "{2173E6AB-A7FB-4471-B4E0-851EF8A91676}"
EndProject
Project("{FAE04EC0-301F-11D3-BF4B-00C04F79EFBC}") = "XSpecsFor.Test", "..\test\XSpecsFor.Test\XSpecsFor.Test.csproj", "{30B439FF-2531-482B-B201-85499BD84E2E}"
EndProject
Global
	GlobalSection(SolutionConfigurationPlatforms) = preSolution
		Debug|Any CPU = Debug|Any CPU
		Release|Any CPU = Release|Any CPU
	EndGlobalSection
	GlobalSection(ProjectConfigurationPlatforms) = postSolution
		{2173E6AB-A7FB-4471-B4E0-851EF8A91676}.Debug|Any CPU.ActiveCfg = Debug|Any CPU
		{2173E6AB-A7FB-4471-B4E0-851EF8A91676}.Debug|Any CPU.Build.0 = Debug|Any CPU
		{2173E6AB-A7FB-4471-B4E0-851EF8A91676}.Release|Any CPU.ActiveCfg = Release|Any CPU
		{2173E6AB-A7FB-4471-B4E0-851EF8A91676}.Release|Any CPU.Build.0 = Release|Any CPU
		{30B439FF-2531-482B-B201-85499BD84E2E}.Debug|Any CPU.ActiveCfg = Debug|Any CPU
		{30B439FF-2531-482B-B201-85499BD84E2E}.Debug|Any CPU.Build.0 = Debug|Any CPU
		{30B439FF-2531-482B-B201-85499BD84E2E}.Release|Any CPU.ActiveCfg = Release|Any CPU
		{30B439FF-2531-482B-B201-85499BD84E2E}.Release|Any CPU.Build.0 = Release|Any CPU
	EndGlobalSection
	GlobalSection(SolutionProperties) = preSolution
		HideSolutionNode = FALSE
	EndGlobalSection
	GlobalSection(ExtensibilityGlobals) = postSolution
		SolutionGuid = {2803CA13-7988-4FAE-8C38-E3EFAC1B95F4}
	EndGlobalSection
EndGlobal
